
Microsoft Visual Studio Solution File, Format Version 10.00
# Visual Studio 2008
Project("{FAE04EC0-301F-11D3-BF4B-00C04F79EFBC}") = "SPSProfessional.SharePoint.Admin.ListTools", "SPSListAdminTools\SPSProfessional.SharePoint.Admin.ListTools.csproj", "{60330ED0-2896-4DF7-B497-628A50CA89AF}"
EndProject
Global
	GlobalSection(SolutionConfigurationPlatforms) = preSolution
		Debug|Any CPU = Debug|Any CPU
		Release|Any CPU = Release|Any CPU
	EndGlobalSection
	GlobalSection(ProjectConfigurationPlatforms) = postSolution
		{60330ED0-2896-4DF7-B497-628A50CA89AF}.Debug|Any CPU.ActiveCfg = Debug|Any CPU
		{60330ED0-2896-4DF7-B497-628A50CA89AF}.Debug|Any CPU.Build.0 = Debug|Any CPU
		{60330ED0-2896-4DF7-B497-628A50CA89AF}.Release|Any CPU.ActiveCfg = Release|Any CPU
		{60330ED0-2896-4DF7-B497-628A50CA89AF}.Release|Any CPU.Build.0 = Release|Any CPU
	EndGlobalSection
	GlobalSection(SolutionProperties) = preSolution
		HideSolutionNode = FALSE
	EndGlobalSection
EndGlobal
