
Microsoft Visual Studio Solution File, Format Version 10.00
# Visual Studio 2008
Project("{FAE04EC0-301F-11D3-BF4B-00C04F79EFBC}") = "SPSJobConfigurator", "SPSJobConfigurator\SPSJobConfigurator.csproj", "{7C22BB8A-1315-44E7-A223-645A4BB223BD}"
EndProject
Global
	GlobalSection(SolutionConfigurationPlatforms) = preSolution
		Debug|Any CPU = Debug|Any CPU
		Release|Any CPU = Release|Any CPU
	EndGlobalSection
	GlobalSection(ProjectConfigurationPlatforms) = postSolution
		{7C22BB8A-1315-44E7-A223-645A4BB223BD}.Debug|Any CPU.ActiveCfg = Debug|Any CPU
		{7C22BB8A-1315-44E7-A223-645A4BB223BD}.Debug|Any CPU.Build.0 = Debug|Any CPU
		{7C22BB8A-1315-44E7-A223-645A4BB223BD}.Release|Any CPU.ActiveCfg = Release|Any CPU
		{7C22BB8A-1315-44E7-A223-645A4BB223BD}.Release|Any CPU.Build.0 = Release|Any CPU
	EndGlobalSection
	GlobalSection(SolutionProperties) = preSolution
		HideSolutionNode = FALSE
	EndGlobalSection
EndGlobal
